
Microsoft Visual Studio Solution File, Format Version 12.00
# Visual Studio Version 17
VisualStudioVersion = 17.3.32901.215
MinimumVisualStudioVersion = 10.0.40219.1
Project("{FAE04EC0-301F-11D3-BF4B-00C04F79EFBC}") = "kar-hesaplama", "kar-hesaplama\kar-hesaplama.csproj", "{65BCC9A1-A887-4130-8E30-FF4A2BC57C79}"
EndProject
Global
	GlobalSection(SolutionConfigurationPlatforms) = preSolution
		Debug|Any CPU = Debug|Any CPU
		Release|Any CPU = Release|Any CPU
	EndGlobalSection
	GlobalSection(ProjectConfigurationPlatforms) = postSolution
		{65BCC9A1-A887-4130-8E30-FF4A2BC57C79}.Debug|Any CPU.ActiveCfg = Debug|Any CPU
		{65BCC9A1-A887-4130-8E30-FF4A2BC57C79}.Debug|Any CPU.Build.0 = Debug|Any CPU
		{65BCC9A1-A887-4130-8E30-FF4A2BC57C79}.Release|Any CPU.ActiveCfg = Release|Any CPU
		{65BCC9A1-A887-4130-8E30-FF4A2BC57C79}.Release|Any CPU.Build.0 = Release|Any CPU
	EndGlobalSection
	GlobalSection(SolutionProperties) = preSolution
		HideSolutionNode = FALSE
	EndGlobalSection
	GlobalSection(ExtensibilityGlobals) = postSolution
		SolutionGuid = {7D3F1038-7D3A-46AD-B034-B81C62AF74E4}
	EndGlobalSection
EndGlobal
